lockfileVersion: '9.0'

settings:
  autoInstallPeers: true
  excludeLinksFromLockfile: false

importers:

  .:
    dependencies:
      '@dimforge/rapier3d-compat':
        specifier: 0.17.3
        version: 0.17.3
      three:
        specifier: 0.180.0
        version: 0.180.0

packages:

  '@dimforge/rapier3d-compat@0.17.3':
    resolution: {integrity: sha512-hxtaaqtfUWQvYbA/vstSEMZupObTMdM1u+5vTQlXNdWueRRhJ+toxREhaplok5W1/4ErxO6qdezbRM2eqEQsqw==}

  three@0.180.0:
    resolution: {integrity: sha512-o+qycAMZrh+TsE01GqWUxUIKR1AL0S8pq7zDkYOQw8GqfX8b8VoCKYUoHbhiX5j+7hr8XsuHDVU6+gkQJQKg9w==}

snapshots:

  '@dimforge/rapier3d-compat@0.17.3': {}

  three@0.180.0: {}
